PODS:
  - GoogleMaps (2.5.0):
    - GoogleMaps/Maps (= 2.5.0)
  - GoogleMaps/Base (2.5.0)
  - GoogleMaps/Maps (2.5.0):
    - GoogleMaps/Base
  - iCarousel (1.8.3)
  - Kingfisher (4.2.0)
  - Koloda (4.3.1):
    - pop (~> 1.0)
  - pop (1.0.10)
  - RxCocoa (4.1.0):
    - RxSwift (~> 4.0)
  - RxSwift (4.1.0)
  - Swinject (2.1.1)
  - Then (2.3.0)

DEPENDENCIES:
  - GoogleMaps
  - iCarousel
  - Kingfisher (~> 4.2.0)
  - Koloda
  - RxCocoa (~> 4.1.0)
  - RxSwift (~> 4.1.0)
  - Swinject
  - Then (= 2.3.0)

SPEC CHECKSUMS:
  GoogleMaps: c087b8e5dfe87ca6ebf59adb9b4894a4146bec4f
  iCarousel: d782f635afac190c49bb8ee455882284cff8b85f
  Kingfisher: 9ee7e788d8ba07c3f21ce0d43f33cec310a4f781
  Koloda: 0d39b2aa188ccd1fac48d752acaf9802e683c625
  pop: 82ca6b068ce9278fd350fd9dd09482a0ce9492e6
  RxCocoa: cc1fec49cdc8fabe645964de7c51c099a36c2aa8
  RxSwift: 4219941c1244c88002901bd87a69d3aea9ae71f0
  Swinject: afea49fd95f392b41171669f165842879c48fad6
  Then: ee21c97b85ff6062b9b0080c9abb1eea46743345

PODFILE CHECKSUM: ba7f936fa2325ba85e3bb0654e493da9fc56c1dd

COCOAPODS: 1.3.1
