// !$*UTF8*$!
{
	archiveVersion = 1;
	classes = {
	};
	objectVersion = 48;
	objects = {

/* Begin PBXBuildFile section */
		C1ED65CE615D0E15BC351C69 /* Pods_EmplesMVVMReactiveCocoa.framework in Frameworks */ = {isa = PBXBuildFile; fileRef = DAC80E1276AA81CAE91AA5BC /* Pods_EmplesMVVMReactiveCocoa.framework */; };
		F06AE22A1FB9FF7A00B4B53B /* Assets.xcassets in Resources */ = {isa = PBXBuildFile; fileRef = F06AE1981FB9FF7900B4B53B /* Assets.xcassets */; };
		F06AE22B1FB9FF7A00B4B53B /* RecArea.json in Resources */ = {isa = PBXBuildFile; fileRef = F06AE19A1FB9FF7900B4B53B /* RecArea.json */; };
		F06AE22D1FB9FF7A00B4B53B /* Localizable.strings in Resources */ = {isa = PBXBuildFile; fileRef = F06AE19D1FB9FF7900B4B53B /* Localizable.strings */; };
		F06AE22E1FB9FF7A00B4B53B /* AppDelegate.swift in Sources */ = {isa = PBXBuildFile; fileRef = F06AE1A41FB9FF7900B4B53B /* AppDelegate.swift */; };
		F06AE22F1FB9FF7A00B4B53B /* BaseAppDelegate.swift in Sources */ = {isa = PBXBuildFile; fileRef = F06AE1A51FB9FF7900B4B53B /* BaseAppDelegate.swift */; };
		F06AE2301FB9FF7A00B4B53B /* AppearanceService.swift in Sources */ = {isa = PBXBuildFile; fileRef = F06AE1A71FB9FF7900B4B53B /* AppearanceService.swift */; };
		F06AE2311FB9FF7A00B4B53B /* GoogleService.swift in Sources */ = {isa = PBXBuildFile; fileRef = F06AE1A81FB9FF7900B4B53B /* GoogleService.swift */; };
		F06AE2321FB9FF7A00B4B53B /* RootAssembler.swift in Sources */ = {isa = PBXBuildFile; fileRef = F06AE1AA1FB9FF7900B4B53B /* RootAssembler.swift */; };
		F06AE2331FB9FF7A00B4B53B /* RootViewAssembly.swift in Sources */ = {isa = PBXBuildFile; fileRef = F06AE1AB1FB9FF7900B4B53B /* RootViewAssembly.swift */; };
		F06AE2341FB9FF7A00B4B53B /* MainNavigationController.swift in Sources */ = {isa = PBXBuildFile; fileRef = F06AE1AD1FB9FF7900B4B53B /* MainNavigationController.swift */; };
		F06AE2351FB9FF7A00B4B53B /* BusinessLayerAssembly.swift in Sources */ = {isa = PBXBuildFile; fileRef = F06AE1B01FB9FF7900B4B53B /* BusinessLayerAssembly.swift */; };
		F06AE2361FB9FF7A00B4B53B /* RecArea.swift in Sources */ = {isa = PBXBuildFile; fileRef = F06AE1B21FB9FF7900B4B53B /* RecArea.swift */; };
		F06AE2371FB9FF7A00B4B53B /* DataFilePersistenceGateway.swift in Sources */ = {isa = PBXBuildFile; fileRef = F06AE1B51FB9FF7900B4B53B /* DataFilePersistenceGateway.swift */; };
		F06AE2381FB9FF7A00B4B53B /* EmplesFSJsonReader.swift in Sources */ = {isa = PBXBuildFile; fileRef = F06AE1B71FB9FF7900B4B53B /* EmplesFSJsonReader.swift */; };
		F06AE2391FB9FF7A00B4B53B /* DataAreaGatewayProtocol.swift in Sources */ = {isa = PBXBuildFile; fileRef = F06AE1B91FB9FF7900B4B53B /* DataAreaGatewayProtocol.swift */; };
		F06AE23A1FB9FF7A00B4B53B /* DataRequestProtocol.swift in Sources */ = {isa = PBXBuildFile; fileRef = F06AE1BA1FB9FF7900B4B53B /* DataRequestProtocol.swift */; };
		F06AE23B1FB9FF7A00B4B53B /* EmplesRecAreaMappable.swift in Sources */ = {isa = PBXBuildFile; fileRef = F06AE1BC1FB9FF7900B4B53B /* EmplesRecAreaMappable.swift */; };
		F06AE23C1FB9FF7A00B4B53B /* Result.swift in Sources */ = {isa = PBXBuildFile; fileRef = F06AE1BD1FB9FF7900B4B53B /* Result.swift */; };
		F06AE23D1FB9FF7A00B4B53B /* DisplayAreaCollectionUseCase.swift in Sources */ = {isa = PBXBuildFile; fileRef = F06AE1BF1FB9FF7900B4B53B /* DisplayAreaCollectionUseCase.swift */; };
		F06AE23E1FB9FF7A00B4B53B /* DisplayAreaCollectionUseCaseImplementation.swift in Sources */ = {isa = PBXBuildFile; fileRef = F06AE1C01FB9FF7900B4B53B /* DisplayAreaCollectionUseCaseImplementation.swift */; };
		F06AE23F1FB9FF7A00B4B53B /* BaseRouter.swift in Sources */ = {isa = PBXBuildFile; fileRef = F06AE1C31FB9FF7900B4B53B /* BaseRouter.swift */; };
		F06AE2401FB9FF7A00B4B53B /* GenericGridViewDelegate.swift in Sources */ = {isa = PBXBuildFile; fileRef = F06AE1C51FB9FF7900B4B53B /* GenericGridViewDelegate.swift */; };
		F06AE2411FB9FF7A00B4B53B /* GenericGridViewSource.swift in Sources */ = {isa = PBXBuildFile; fileRef = F06AE1C61FB9FF7900B4B53B /* GenericGridViewSource.swift */; };
		F06AE2421FB9FF7A00B4B53B /* GenericTableViewDelegate.swift in Sources */ = {isa = PBXBuildFile; fileRef = F06AE1C81FB9FF7900B4B53B /* GenericTableViewDelegate.swift */; };
		F06AE2431FB9FF7A00B4B53B /* GenericTableViewSource.swift in Sources */ = {isa = PBXBuildFile; fileRef = F06AE1C91FB9FF7900B4B53B /* GenericTableViewSource.swift */; };
		F06AE2441FB9FF7A00B4B53B /* DataGridSourceItem.swift in Sources */ = {isa = PBXBuildFile; fileRef = F06AE1CB1FB9FF7900B4B53B /* DataGridSourceItem.swift */; };
		F06AE2451FB9FF7A00B4B53B /* DataSourceItem.swift in Sources */ = {isa = PBXBuildFile; fileRef = F06AE1CC1FB9FF7900B4B53B /* DataSourceItem.swift */; };
		F06AE2461FB9FF7A00B4B53B /* ViewCellModelProtocol.swift in Sources */ = {isa = PBXBuildFile; fileRef = F06AE1CD1FB9FF7900B4B53B /* ViewCellModelProtocol.swift */; };
		F06AE2471FB9FF7A00B4B53B /* ViewCellProtocol.swift in Sources */ = {isa = PBXBuildFile; fileRef = F06AE1CE1FB9FF7900B4B53B /* ViewCellProtocol.swift */; };
		F06AE2481FB9FF7A00B4B53B /* CollectionAssembler.swift in Sources */ = {isa = PBXBuildFile; fileRef = F06AE1D11FB9FF7900B4B53B /* CollectionAssembler.swift */; };
		F06AE2491FB9FF7A00B4B53B /* DetailAssembler.swift in Sources */ = {isa = PBXBuildFile; fileRef = F06AE1D21FB9FF7900B4B53B /* DetailAssembler.swift */; };
		F06AE24A1FB9FF7A00B4B53B /* EmplesCarouselViewModel.swift in Sources */ = {isa = PBXBuildFile; fileRef = F06AE1D51FB9FF7900B4B53B /* EmplesCarouselViewModel.swift */; };
		F06AE24B1FB9FF7A00B4B53B /* EmplesCarouselView.swift in Sources */ = {isa = PBXBuildFile; fileRef = F06AE1D61FB9FF7900B4B53B /* EmplesCarouselView.swift */; };
		F06AE24C1FB9FF7A00B4B53B /* CarouselViewDelegate.swift in Sources */ = {isa = PBXBuildFile; fileRef = F06AE1D81FB9FF7900B4B53B /* CarouselViewDelegate.swift */; };
		F06AE24D1FB9FF7A00B4B53B /* CarouselViewSource.swift in Sources */ = {isa = PBXBuildFile; fileRef = F06AE1D91FB9FF7900B4B53B /* CarouselViewSource.swift */; };
		F06AE24E1FB9FF7A00B4B53B /* BaseCollectionView.swift in Sources */ = {isa = PBXBuildFile; fileRef = F06AE1DB1FB9FF7900B4B53B /* BaseCollectionView.swift */; };
		F06AE24F1FB9FF7A00B4B53B /* CollectionViewProtocol.swift in Sources */ = {isa = PBXBuildFile; fileRef = F06AE1DC1FB9FF7900B4B53B /* CollectionViewProtocol.swift */; };
		F06AE2501FB9FF7A00B4B53B /* EmplesCollectionViewModelBase.swift in Sources */ = {isa = PBXBuildFile; fileRef = F06AE1DD1FB9FF7900B4B53B /* EmplesCollectionViewModelBase.swift */; };
		F06AE2511FB9FF7A00B4B53B /* EmplesItemRouter.swift in Sources */ = {isa = PBXBuildFile; fileRef = F06AE1DE1FB9FF7900B4B53B /* EmplesItemRouter.swift */; };
		F06AE2521FB9FF7A00B4B53B /* LifeCycleProtocol.swift in Sources */ = {isa = PBXBuildFile; fileRef = F06AE1DF1FB9FF7900B4B53B /* LifeCycleProtocol.swift */; };
		F06AE2531FB9FF7A00B4B53B /* DetailAreaModel.swift in Sources */ = {isa = PBXBuildFile; fileRef = F06AE1E11FB9FF7900B4B53B /* DetailAreaModel.swift */; };
		F06AE2541FB9FF7A00B4B53B /* DetailViewModel.swift in Sources */ = {isa = PBXBuildFile; fileRef = F06AE1E21FB9FF7900B4B53B /* DetailViewModel.swift */; };
		F06AE2551FB9FF7A00B4B53B /* DetailView.swift in Sources */ = {isa = PBXBuildFile; fileRef = F06AE1E31FB9FF7900B4B53B /* DetailView.swift */; };
		F06AE2561FB9FF7A00B4B53B /* EmplesGalleryViewModel.swift in Sources */ = {isa = PBXBuildFile; fileRef = F06AE1E51FB9FF7900B4B53B /* EmplesGalleryViewModel.swift */; };
		F06AE2571FB9FF7A00B4B53B /* EmplesGalleryView.swift in Sources */ = {isa = PBXBuildFile; fileRef = F06AE1E61FB9FF7900B4B53B /* EmplesGalleryView.swift */; };
		F06AE2581FB9FF7A00B4B53B /* EmplesGalleryCollectionFlowLayout.swift in Sources */ = {isa = PBXBuildFile; fileRef = F06AE1E81FB9FF7900B4B53B /* EmplesGalleryCollectionFlowLayout.swift */; };
		F06AE2591FB9FF7A00B4B53B /* EmplesGridViewModel.swift in Sources */ = {isa = PBXBuildFile; fileRef = F06AE1EA1FB9FF7900B4B53B /* EmplesGridViewModel.swift */; };
		F06AE25A1FB9FF7A00B4B53B /* EmplesGridView.swift in Sources */ = {isa = PBXBuildFile; fileRef = F06AE1EB1FB9FF7900B4B53B /* EmplesGridView.swift */; };
		F06AE25B1FB9FF7A00B4B53B /* EmplesListViewModel.swift in Sources */ = {isa = PBXBuildFile; fileRef = F06AE1ED1FB9FF7900B4B53B /* EmplesListViewModel.swift */; };
		F06AE25C1FB9FF7A00B4B53B /* EmplesListView.swift in Sources */ = {isa = PBXBuildFile; fileRef = F06AE1EE1FB9FF7900B4B53B /* EmplesListView.swift */; };
		F06AE25D1FB9FF7A00B4B53B /* StackKolodaView.swift in Sources */ = {isa = PBXBuildFile; fileRef = F06AE1F11FB9FF7900B4B53B /* StackKolodaView.swift */; };
		F06AE25E1FB9FF7A00B4B53B /* EmplesStackedViewModel.swift in Sources */ = {isa = PBXBuildFile; fileRef = F06AE1F21FB9FF7900B4B53B /* EmplesStackedViewModel.swift */; };
		F06AE25F1FB9FF7A00B4B53B /* EmplesStackedView.swift in Sources */ = {isa = PBXBuildFile; fileRef = F06AE1F31FB9FF7900B4B53B /* EmplesStackedView.swift */; };
		F06AE2601FB9FF7A00B4B53B /* StackedViewDelegate.swift in Sources */ = {isa = PBXBuildFile; fileRef = F06AE1F51FB9FF7900B4B53B /* StackedViewDelegate.swift */; };
		F06AE2611FB9FF7A00B4B53B /* StackedViewSource.swift in Sources */ = {isa = PBXBuildFile; fileRef = F06AE1F61FB9FF7900B4B53B /* StackedViewSource.swift */; };
		F06AE2621FB9FF7A00B4B53B /* EmplesMenuModel.swift in Sources */ = {isa = PBXBuildFile; fileRef = F06AE1F81FB9FF7A00B4B53B /* EmplesMenuModel.swift */; };
		F06AE2631FB9FF7A00B4B53B /* EmplesMenuViewModel.swift in Sources */ = {isa = PBXBuildFile; fileRef = F06AE1F91FB9FF7A00B4B53B /* EmplesMenuViewModel.swift */; };
		F06AE2641FB9FF7A00B4B53B /* EmplesMenuRouter.swift in Sources */ = {isa = PBXBuildFile; fileRef = F06AE1FA1FB9FF7A00B4B53B /* EmplesMenuRouter.swift */; };
		F06AE2651FB9FF7A00B4B53B /* EmplesMenuView.swift in Sources */ = {isa = PBXBuildFile; fileRef = F06AE1FB1FB9FF7A00B4B53B /* EmplesMenuView.swift */; };
		F06AE2661FB9FF7A00B4B53B /* DetailDescriptionCellModel.swift in Sources */ = {isa = PBXBuildFile; fileRef = F06AE2001FB9FF7A00B4B53B /* DetailDescriptionCellModel.swift */; };
		F06AE2671FB9FF7A00B4B53B /* DetailDescriptionViewCell.swift in Sources */ = {isa = PBXBuildFile; fileRef = F06AE2011FB9FF7A00B4B53B /* DetailDescriptionViewCell.swift */; };
		F06AE2681FB9FF7A00B4B53B /* DetailDescriptionViewCell.xib in Resources */ = {isa = PBXBuildFile; fileRef = F06AE2021FB9FF7A00B4B53B /* DetailDescriptionViewCell.xib */; };
		F06AE2691FB9FF7A00B4B53B /* DetailDirectionsCellModel.swift in Sources */ = {isa = PBXBuildFile; fileRef = F06AE2041FB9FF7A00B4B53B /* DetailDirectionsCellModel.swift */; };
		F06AE26A1FB9FF7A00B4B53B /* DetailDirectionTextViewCell.swift in Sources */ = {isa = PBXBuildFile; fileRef = F06AE2051FB9FF7A00B4B53B /* DetailDirectionTextViewCell.swift */; };
		F06AE26B1FB9FF7A00B4B53B /* DetailDirectionTextViewCell.xib in Resources */ = {isa = PBXBuildFile; fileRef = F06AE2061FB9FF7A00B4B53B /* DetailDirectionTextViewCell.xib */; };
		F06AE26C1FB9FF7A00B4B53B /* DetailMapCellModel.swift in Sources */ = {isa = PBXBuildFile; fileRef = F06AE2081FB9FF7A00B4B53B /* DetailMapCellModel.swift */; };
		F06AE26D1FB9FF7A00B4B53B /* DetailMapViewCell.swift in Sources */ = {isa = PBXBuildFile; fileRef = F06AE2091FB9FF7A00B4B53B /* DetailMapViewCell.swift */; };
		F06AE26E1FB9FF7A00B4B53B /* EmplesGridCellModel.swift in Sources */ = {isa = PBXBuildFile; fileRef = F06AE20B1FB9FF7A00B4B53B /* EmplesGridCellModel.swift */; };
		F06AE26F1FB9FF7A00B4B53B /* EmplesGridViewCell.swift in Sources */ = {isa = PBXBuildFile; fileRef = F06AE20C1FB9FF7A00B4B53B /* EmplesGridViewCell.swift */; };
		F06AE2701FB9FF7A00B4B53B /* EmplesGridViewCell.xib in Resources */ = {isa = PBXBuildFile; fileRef = F06AE20D1FB9FF7A00B4B53B /* EmplesGridViewCell.xib */; };
		F06AE2711FB9FF7A00B4B53B /* EmplesListCellModel.swift in Sources */ = {isa = PBXBuildFile; fileRef = F06AE20F1FB9FF7A00B4B53B /* EmplesListCellModel.swift */; };
		F06AE2721FB9FF7A00B4B53B /* EmplesListCellView.swift in Sources */ = {isa = PBXBuildFile; fileRef = F06AE2101FB9FF7A00B4B53B /* EmplesListCellView.swift */; };
		F06AE2731FB9FF7A00B4B53B /* EmplesListCellView.xib in Resources */ = {isa = PBXBuildFile; fileRef = F06AE2111FB9FF7A00B4B53B /* EmplesListCellView.xib */; };
		F06AE2741FB9FF7A00B4B53B /* EmplesMenuCellModel.swift in Sources */ = {isa = PBXBuildFile; fileRef = F06AE2131FB9FF7A00B4B53B /* EmplesMenuCellModel.swift */; };
		F06AE2751FB9FF7A00B4B53B /* EmplesMenuViewCell.swift in Sources */ = {isa = PBXBuildFile; fileRef = F06AE2141FB9FF7A00B4B53B /* EmplesMenuViewCell.swift */; };
		F06AE2761FB9FF7A00B4B53B /* EmplesMenuViewCell.xib in Resources */ = {isa = PBXBuildFile; fileRef = F06AE2151FB9FF7A00B4B53B /* EmplesMenuViewCell.xib */; };
		F06AE2771FB9FF7A00B4B53B /* EmplesItemView.swift in Sources */ = {isa = PBXBuildFile; fileRef = F06AE2171FB9FF7A00B4B53B /* EmplesItemView.swift */; };
		F06AE2781FB9FF7A00B4B53B /* EmplesItemView.xib in Resources */ = {isa = PBXBuildFile; fileRef = F06AE2181FB9FF7A00B4B53B /* EmplesItemView.xib */; };
		F06AE2791FB9FF7A00B4B53B /* EProgressView.swift in Sources */ = {isa = PBXBuildFile; fileRef = F06AE21A1FB9FF7A00B4B53B /* EProgressView.swift */; };
		F06AE27A1FB9FF7A00B4B53B /* background.png in Resources */ = {isa = PBXBuildFile; fileRef = F06AE21C1FB9FF7A00B4B53B /* background.png */; };
		F06AE27B1FB9FF7A00B4B53B /* LaunchScreen.storyboard in Resources */ = {isa = PBXBuildFile; fileRef = F06AE21D1FB9FF7A00B4B53B /* LaunchScreen.storyboard */; };
		F06AE27D1FB9FF7A00B4B53B /* ColorStrings.swift in Sources */ = {isa = PBXBuildFile; fileRef = F06AE2221FB9FF7A00B4B53B /* ColorStrings.swift */; };
		F06AE27E1FB9FF7A00B4B53B /* FileNamesStrings.swift in Sources */ = {isa = PBXBuildFile; fileRef = F06AE2231FB9FF7A00B4B53B /* FileNamesStrings.swift */; };
		F06AE27F1FB9FF7A00B4B53B /* LocalizedStrings.swift in Sources */ = {isa = PBXBuildFile; fileRef = F06AE2241FB9FF7A00B4B53B /* LocalizedStrings.swift */; };
		F06AE2801FB9FF7A00B4B53B /* NSObject+Name.swift in Sources */ = {isa = PBXBuildFile; fileRef = F06AE2261FB9FF7A00B4B53B /* NSObject+Name.swift */; };
		F06AE2811FB9FF7A00B4B53B /* ReusableView.swift in Sources */ = {isa = PBXBuildFile; fileRef = F06AE2271FB9FF7A00B4B53B /* ReusableView.swift */; };
		F06AE2821FB9FF7A00B4B53B /* String+Localizable.swift in Sources */ = {isa = PBXBuildFile; fileRef = F06AE2281FB9FF7A00B4B53B /* String+Localizable.swift */; };
		F06AE2831FB9FF7A00B4B53B /* UIColor+Hex.swift in Sources */ = {isa = PBXBuildFile; fileRef = F06AE2291FB9FF7A00B4B53B /* UIColor+Hex.swift */; };
		F06AE2851FB9FFF200B4B53B /* README.md in Resources */ = {isa = PBXBuildFile; fileRef = F06AE2841FB9FFF200B4B53B /* README.md */; };
/* End PBXBuildFile section */

/* Begin PBXFileReference section */
		0A9CF65DF7CE957DFC4D9802 /* Pods-EmplesMVVMReactiveCocoa.debug.xcconfig */ = {isa = PBXFileReference; includeInIndex = 1; lastKnownFileType = text.xcconfig; name = "Pods-EmplesMVVMReactiveCocoa.debug.xcconfig"; path = "Pods/Target Support Files/Pods-EmplesMVVMReactiveCocoa/Pods-EmplesMVVMReactiveCocoa.debug.xcconfig"; sourceTree = "<group>"; };
		CDEAE074CA62CD9C845143CB /* Pods-EmplesMVVMReactiveCocoa.release.xcconfig */ = {isa = PBXFileReference; includeInIndex = 1; lastKnownFileType = text.xcconfig; name = "Pods-EmplesMVVMReactiveCocoa.release.xcconfig"; path = "Pods/Target Support Files/Pods-EmplesMVVMReactiveCocoa/Pods-EmplesMVVMReactiveCocoa.release.xcconfig"; sourceTree = "<group>"; };
		DAC80E1276AA81CAE91AA5BC /* Pods_EmplesMVVMReactiveCocoa.framework */ = {isa = PBXFileReference; explicitFileType = wrapper.framework; includeInIndex = 0; path = Pods_EmplesMVVMReactiveCocoa.framework; sourceTree = BUILT_PRODUCTS_DIR; };
		F06AE1981FB9FF7900B4B53B /* Assets.xcassets */ = {isa = PBXFileReference; lastKnownFileType = folder.assetcatalog; path = Assets.xcassets; sourceTree = "<group>"; };
		F06AE19A1FB9FF7900B4B53B /* RecArea.json */ = {isa = PBXFileReference; fileEncoding = 4; lastKnownFileType = text.json; path = RecArea.json; sourceTree = "<group>"; };
		F06AE19B1FB9FF7900B4B53B /* RecAreaAddress.json */ = {isa = PBXFileReference; fileEncoding = 4; lastKnownFileType = text.json; path = RecAreaAddress.json; sourceTree = "<group>"; };
		F06AE19E1FB9FF7900B4B53B /* de */ = {isa = PBXFileReference; lastKnownFileType = text.plist.strings; name = de; path = de.lproj/Localizable.strings; sourceTree = "<group>"; };
		F06AE19F1FB9FF7900B4B53B /* en */ = {isa = PBXFileReference; lastKnownFileType = text.plist.strings; name = en; path = en.lproj/Localizable.strings; sourceTree = "<group>"; };
		F06AE1A01FB9FF7900B4B53B /* ru */ = {isa = PBXFileReference; lastKnownFileType = text.plist.strings; name = ru; path = ru.lproj/Localizable.strings; sourceTree = "<group>"; };
		F06AE1A41FB9FF7900B4B53B /* AppDelegate.swift */ = {isa = PBXFileReference; fileEncoding = 4; lastKnownFileType = sourcecode.swift; path = AppDelegate.swift; sourceTree = "<group>"; };
		F06AE1A51FB9FF7900B4B53B /* BaseAppDelegate.swift */ = {isa = PBXFileReference; fileEncoding = 4; lastKnownFileType = sourcecode.swift; path = BaseAppDelegate.swift; sourceTree = "<group>"; };
		F06AE1A71FB9FF7900B4B53B /* AppearanceService.swift */ = {isa = PBXFileReference; fileEncoding = 4; lastKnownFileType = sourcecode.swift; path = AppearanceService.swift; sourceTree = "<group>"; };
		F06AE1A81FB9FF7900B4B53B /* GoogleService.swift */ = {isa = PBXFileReference; fileEncoding = 4; lastKnownFileType = sourcecode.swift; path = GoogleService.swift; sourceTree = "<group>"; };
		F06AE1AA1FB9FF7900B4B53B /* RootAssembler.swift */ = {isa = PBXFileReference; fileEncoding = 4; lastKnownFileType = sourcecode.swift; path = RootAssembler.swift; sourceTree = "<group>"; };
		F06AE1AB1FB9FF7900B4B53B /* RootViewAssembly.swift */ = {isa = PBXFileReference; fileEncoding = 4; lastKnownFileType = sourcecode.swift; path = RootViewAssembly.swift; sourceTree = "<group>"; };
		F06AE1AD1FB9FF7900B4B53B /* MainNavigationController.swift */ = {isa = PBXFileReference; fileEncoding = 4; lastKnownFileType = sourcecode.swift; path = MainNavigationController.swift; sourceTree = "<group>"; };
		F06AE1B01FB9FF7900B4B53B /* BusinessLayerAssembly.swift */ = {isa = PBXFileReference; fileEncoding = 4; lastKnownFileType = sourcecode.swift; path = BusinessLayerAssembly.swift; sourceTree = "<group>"; };
		F06AE1B21FB9FF7900B4B53B /* RecArea.swift */ = {isa = PBXFileReference; fileEncoding = 4; lastKnownFileType = sourcecode.swift; path = RecArea.swift; sourceTree = "<group>"; };
		F06AE1B51FB9FF7900B4B53B /* DataFilePersistenceGateway.swift */ = {isa = PBXFileReference; fileEncoding = 4; lastKnownFileType = sourcecode.swift; path = DataFilePersistenceGateway.swift; sourceTree = "<group>"; };
		F06AE1B71FB9FF7900B4B53B /* EmplesFSJsonReader.swift */ = {isa = PBXFileReference; fileEncoding = 4; lastKnownFileType = sourcecode.swift; path = EmplesFSJsonReader.swift; sourceTree = "<group>"; };
		F06AE1B91FB9FF7900B4B53B /* DataAreaGatewayProtocol.swift */ = {isa = PBXFileReference; fileEncoding = 4; lastKnownFileType = sourcecode.swift; path = DataAreaGatewayProtocol.swift; sourceTree = "<group>"; };
		F06AE1BA1FB9FF7900B4B53B /* DataRequestProtocol.swift */ = {isa = PBXFileReference; fileEncoding = 4; lastKnownFileType = sourcecode.swift; path = DataRequestProtocol.swift; sourceTree = "<group>"; };
		F06AE1BC1FB9FF7900B4B53B /* EmplesRecAreaMappable.swift */ = {isa = PBXFileReference; fileEncoding = 4; lastKnownFileType = sourcecode.swift; path = EmplesRecAreaMappable.swift; sourceTree = "<group>"; };
		F06AE1BD1FB9FF7900B4B53B /* Result.swift */ = {isa = PBXFileReference; fileEncoding = 4; lastKnownFileType = sourcecode.swift; path = Result.swift; sourceTree = "<group>"; };
		F06AE1BF1FB9FF7900B4B53B /* DisplayAreaCollectionUseCase.swift */ = {isa = PBXFileReference; fileEncoding = 4; lastKnownFileType = sourcecode.swift; path = DisplayAreaCollectionUseCase.swift; sourceTree = "<group>"; };
		F06AE1C01FB9FF7900B4B53B /* DisplayAreaCollectionUseCaseImplementation.swift */ = {isa = PBXFileReference; fileEncoding = 4; lastKnownFileType = sourcecode.swift; path = DisplayAreaCollectionUseCaseImplementation.swift; sourceTree = "<group>"; };
		F06AE1C31FB9FF7900B4B53B /* BaseRouter.swift */ = {isa = PBXFileReference; fileEncoding = 4; lastKnownFileType = sourcecode.swift; path = BaseRouter.swift; sourceTree = "<group>"; };
		F06AE1C51FB9FF7900B4B53B /* GenericGridViewDelegate.swift */ = {isa = PBXFileReference; fileEncoding = 4; lastKnownFileType = sourcecode.swift; path = GenericGridViewDelegate.swift; sourceTree = "<group>"; };
		F06AE1C61FB9FF7900B4B53B /* GenericGridViewSource.swift */ = {isa = PBXFileReference; fileEncoding = 4; lastKnownFileType = sourcecode.swift; path = GenericGridViewSource.swift; sourceTree = "<group>"; };
		F06AE1C81FB9FF7900B4B53B /* GenericTableViewDelegate.swift */ = {isa = PBXFileReference; fileEncoding = 4; lastKnownFileType = sourcecode.swift; path = GenericTableViewDelegate.swift; sourceTree = "<group>"; };
		F06AE1C91FB9FF7900B4B53B /* GenericTableViewSource.swift */ = {isa = PBXFileReference; fileEncoding = 4; lastKnownFileType = sourcecode.swift; path = GenericTableViewSource.swift; sourceTree = "<group>"; };
		F06AE1CB1FB9FF7900B4B53B /* DataGridSourceItem.swift */ = {isa = PBXFileReference; fileEncoding = 4; lastKnownFileType = sourcecode.swift; path = DataGridSourceItem.swift; sourceTree = "<group>"; };
		F06AE1CC1FB9FF7900B4B53B /* DataSourceItem.swift */ = {isa = PBXFileReference; fileEncoding = 4; lastKnownFileType = sourcecode.swift; path = DataSourceItem.swift; sourceTree = "<group>"; };
		F06AE1CD1FB9FF7900B4B53B /* ViewCellModelProtocol.swift */ = {isa = PBXFileReference; fileEncoding = 4; lastKnownFileType = sourcecode.swift; path = ViewCellModelProtocol.swift; sourceTree = "<group>"; };
		F06AE1CE1FB9FF7900B4B53B /* ViewCellProtocol.swift */ = {isa = PBXFileReference; fileEncoding = 4; lastKnownFileType = sourcecode.swift; path = ViewCellProtocol.swift; sourceTree = "<group>"; };
		F06AE1D11FB9FF7900B4B53B /* CollectionAssembler.swift */ = {isa = PBXFileReference; fileEncoding = 4; lastKnownFileType = sourcecode.swift; path = CollectionAssembler.swift; sourceTree = "<group>"; };
		F06AE1D21FB9FF7900B4B53B /* DetailAssembler.swift */ = {isa = PBXFileReference; fileEncoding = 4; lastKnownFileType = sourcecode.swift; path = DetailAssembler.swift; sourceTree = "<group>"; };
		F06AE1D51FB9FF7900B4B53B /* EmplesCarouselViewModel.swift */ = {isa = PBXFileReference; fileEncoding = 4; lastKnownFileType = sourcecode.swift; path = EmplesCarouselViewModel.swift; sourceTree = "<group>"; };
		F06AE1D61FB9FF7900B4B53B /* EmplesCarouselView.swift */ = {isa = PBXFileReference; fileEncoding = 4; lastKnownFileType = sourcecode.swift; path = EmplesCarouselView.swift; sourceTree = "<group>"; };
		F06AE1D81FB9FF7900B4B53B /* CarouselViewDelegate.swift */ = {isa = PBXFileReference; fileEncoding = 4; lastKnownFileType = sourcecode.swift; path = CarouselViewDelegate.swift; sourceTree = "<group>"; };
		F06AE1D91FB9FF7900B4B53B /* CarouselViewSource.swift */ = {isa = PBXFileReference; fileEncoding = 4; lastKnownFileType = sourcecode.swift; path = CarouselViewSource.swift; sourceTree = "<group>"; };
		F06AE1DB1FB9FF7900B4B53B /* BaseCollectionView.swift */ = {isa = PBXFileReference; fileEncoding = 4; lastKnownFileType = sourcecode.swift; path = BaseCollectionView.swift; sourceTree = "<group>"; };
		F06AE1DC1FB9FF7900B4B53B /* CollectionViewProtocol.swift */ = {isa = PBXFileReference; fileEncoding = 4; lastKnownFileType = sourcecode.swift; path = CollectionViewProtocol.swift; sourceTree = "<group>"; };
		F06AE1DD1FB9FF7900B4B53B /* EmplesCollectionViewModelBase.swift */ = {isa = PBXFileReference; fileEncoding = 4; lastKnownFileType = sourcecode.swift; path = EmplesCollectionViewModelBase.swift; sourceTree = "<group>"; };
		F06AE1DE1FB9FF7900B4B53B /* EmplesItemRouter.swift */ = {isa = PBXFileReference; fileEncoding = 4; lastKnownFileType = sourcecode.swift; path = EmplesItemRouter.swift; sourceTree = "<group>"; };
		F06AE1DF1FB9FF7900B4B53B /* LifeCycleProtocol.swift */ = {isa = PBXFileReference; fileEncoding = 4; lastKnownFileType = sourcecode.swift; path = LifeCycleProtocol.swift; sourceTree = "<group>"; };
		F06AE1E11FB9FF7900B4B53B /* DetailAreaModel.swift */ = {isa = PBXFileReference; fileEncoding = 4; lastKnownFileType = sourcecode.swift; path = DetailAreaModel.swift; sourceTree = "<group>"; };
		F06AE1E21FB9FF7900B4B53B /* DetailViewModel.swift */ = {isa = PBXFileReference; fileEncoding = 4; lastKnownFileType = sourcecode.swift; path = DetailViewModel.swift; sourceTree = "<group>"; };
		F06AE1E31FB9FF7900B4B53B /* DetailView.swift */ = {isa = PBXFileReference; fileEncoding = 4; lastKnownFileType = sourcecode.swift; path = DetailView.swift; sourceTree = "<group>"; };
		F06AE1E51FB9FF7900B4B53B /* EmplesGalleryViewModel.swift */ = {isa = PBXFileReference; fileEncoding = 4; lastKnownFileType = sourcecode.swift; path = EmplesGalleryViewModel.swift; sourceTree = "<group>"; };
		F06AE1E61FB9FF7900B4B53B /* EmplesGalleryView.swift */ = {isa = PBXFileReference; fileEncoding = 4; lastKnownFileType = sourcecode.swift; path = EmplesGalleryView.swift; sourceTree = "<group>"; };
		F06AE1E81FB9FF7900B4B53B /* EmplesGalleryCollectionFlowLayout.swift */ = {isa = PBXFileReference; fileEncoding = 4; lastKnownFileType = sourcecode.swift; path = EmplesGalleryCollectionFlowLayout.swift; sourceTree = "<group>"; };
		F06AE1EA1FB9FF7900B4B53B /* EmplesGridViewModel.swift */ = {isa = PBXFileReference; fileEncoding = 4; lastKnownFileType = sourcecode.swift; path = EmplesGridViewModel.swift; sourceTree = "<group>"; };
		F06AE1EB1FB9FF7900B4B53B /* EmplesGridView.swift */ = {isa = PBXFileReference; fileEncoding = 4; lastKnownFileType = sourcecode.swift; path = EmplesGridView.swift; sourceTree = "<group>"; };
		F06AE1ED1FB9FF7900B4B53B /* EmplesListViewModel.swift */ = {isa = PBXFileReference; fileEncoding = 4; lastKnownFileType = sourcecode.swift; path = EmplesListViewModel.swift; sourceTree = "<group>"; };
		F06AE1EE1FB9FF7900B4B53B /* EmplesListView.swift */ = {isa = PBXFileReference; fileEncoding = 4; lastKnownFileType = sourcecode.swift; path = EmplesListView.swift; sourceTree = "<group>"; };
		F06AE1F11FB9FF7900B4B53B /* StackKolodaView.swift */ = {isa = PBXFileReference; fileEncoding = 4; lastKnownFileType = sourcecode.swift; path = StackKolodaView.swift; sourceTree = "<group>"; };
		F06AE1F21FB9FF7900B4B53B /* EmplesStackedViewModel.swift */ = {isa = PBXFileReference; fileEncoding = 4; lastKnownFileType = sourcecode.swift; path = EmplesStackedViewModel.swift; sourceTree = "<group>"; };
		F06AE1F31FB9FF7900B4B53B /* EmplesStackedView.swift */ = {isa = PBXFileReference; fileEncoding = 4; lastKnownFileType = sourcecode.swift; path = EmplesStackedView.swift; sourceTree = "<group>"; };
		F06AE1F51FB9FF7900B4B53B /* StackedViewDelegate.swift */ = {isa = PBXFileReference; fileEncoding = 4; lastKnownFileType = sourcecode.swift; path = StackedViewDelegate.swift; sourceTree = "<group>"; };
		F06AE1F61FB9FF7900B4B53B /* StackedViewSource.swift */ = {isa = PBXFileReference; fileEncoding = 4; lastKnownFileType = sourcecode.swift; path = StackedViewSource.swift; sourceTree = "<group>"; };
		F06AE1F81FB9FF7A00B4B53B /* EmplesMenuModel.swift */ = {isa = PBXFileReference; fileEncoding = 4; lastKnownFileType = sourcecode.swift; path = EmplesMenuModel.swift; sourceTree = "<group>"; };
		F06AE1F91FB9FF7A00B4B53B /* EmplesMenuViewModel.swift */ = {isa = PBXFileReference; fileEncoding = 4; lastKnownFileType = sourcecode.swift; path = EmplesMenuViewModel.swift; sourceTree = "<group>"; };
		F06AE1FA1FB9FF7A00B4B53B /* EmplesMenuRouter.swift */ = {isa = PBXFileReference; fileEncoding = 4; lastKnownFileType = sourcecode.swift; path = EmplesMenuRouter.swift; sourceTree = "<group>"; };
		F06AE1FB1FB9FF7A00B4B53B /* EmplesMenuView.swift */ = {isa = PBXFileReference; fileEncoding = 4; lastKnownFileType = sourcecode.swift; path = EmplesMenuView.swift; sourceTree = "<group>"; };
		F06AE2001FB9FF7A00B4B53B /* DetailDescriptionCellModel.swift */ = {isa = PBXFileReference; fileEncoding = 4; lastKnownFileType = sourcecode.swift; path = DetailDescriptionCellModel.swift; sourceTree = "<group>"; };
		F06AE2011FB9FF7A00B4B53B /* DetailDescriptionViewCell.swift */ = {isa = PBXFileReference; fileEncoding = 4; lastKnownFileType = sourcecode.swift; path = DetailDescriptionViewCell.swift; sourceTree = "<group>"; };
		F06AE2021FB9FF7A00B4B53B /* DetailDescriptionViewCell.xib */ = {isa = PBXFileReference; fileEncoding = 4; lastKnownFileType = file.xib; path = DetailDescriptionViewCell.xib; sourceTree = "<group>"; };
		F06AE2041FB9FF7A00B4B53B /* DetailDirectionsCellModel.swift */ = {isa = PBXFileReference; fileEncoding = 4; lastKnownFileType = sourcecode.swift; path = DetailDirectionsCellModel.swift; sourceTree = "<group>"; };
		F06AE2051FB9FF7A00B4B53B /* DetailDirectionTextViewCell.swift */ = {isa = PBXFileReference; fileEncoding = 4; lastKnownFileType = sourcecode.swift; path = DetailDirectionTextViewCell.swift; sourceTree = "<group>"; };
		F06AE2061FB9FF7A00B4B53B /* DetailDirectionTextViewCell.xib */ = {isa = PBXFileReference; fileEncoding = 4; lastKnownFileType = file.xib; path = DetailDirectionTextViewCell.xib; sourceTree = "<group>"; };
		F06AE2081FB9FF7A00B4B53B /* DetailMapCellModel.swift */ = {isa = PBXFileReference; fileEncoding = 4; lastKnownFileType = sourcecode.swift; path = DetailMapCellModel.swift; sourceTree = "<group>"; };
		F06AE2091FB9FF7A00B4B53B /* DetailMapViewCell.swift */ = {isa = PBXFileReference; fileEncoding = 4; lastKnownFileType = sourcecode.swift; path = DetailMapViewCell.swift; sourceTree = "<group>"; };
		F06AE20B1FB9FF7A00B4B53B /* EmplesGridCellModel.swift */ = {isa = PBXFileReference; fileEncoding = 4; lastKnownFileType = sourcecode.swift; path = EmplesGridCellModel.swift; sourceTree = "<group>"; };
		F06AE20C1FB9FF7A00B4B53B /* EmplesGridViewCell.swift */ = {isa = PBXFileReference; fileEncoding = 4; lastKnownFileType = sourcecode.swift; path = EmplesGridViewCell.swift; sourceTree = "<group>"; };
		F06AE20D1FB9FF7A00B4B53B /* EmplesGridViewCell.xib */ = {isa = PBXFileReference; fileEncoding = 4; lastKnownFileType = file.xib; path = EmplesGridViewCell.xib; sourceTree = "<group>"; };
		F06AE20F1FB9FF7A00B4B53B /* EmplesListCellModel.swift */ = {isa = PBXFileReference; fileEncoding = 4; lastKnownFileType = sourcecode.swift; path = EmplesListCellModel.swift; sourceTree = "<group>"; };
		F06AE2101FB9FF7A00B4B53B /* EmplesListCellView.swift */ = {isa = PBXFileReference; fileEncoding = 4; lastKnownFileType = sourcecode.swift; path = EmplesListCellView.swift; sourceTree = "<group>"; };
		F06AE2111FB9FF7A00B4B53B /* EmplesListCellView.xib */ = {isa = PBXFileReference; fileEncoding = 4; lastKnownFileType = file.xib; path = EmplesListCellView.xib; sourceTree = "<group>"; };
		F06AE2131FB9FF7A00B4B53B /* EmplesMenuCellModel.swift */ = {isa = PBXFileReference; fileEncoding = 4; lastKnownFileType = sourcecode.swift; path = EmplesMenuCellModel.swift; sourceTree = "<group>"; };
		F06AE2141FB9FF7A00B4B53B /* EmplesMenuViewCell.swift */ = {isa = PBXFileReference; fileEncoding = 4; lastKnownFileType = sourcecode.swift; path = EmplesMenuViewCell.swift; sourceTree = "<group>"; };
		F06AE2151FB9FF7A00B4B53B /* EmplesMenuViewCell.xib */ = {isa = PBXFileReference; fileEncoding = 4; lastKnownFileType = file.xib; path = EmplesMenuViewCell.xib; sourceTree = "<group>"; };
		F06AE2171FB9FF7A00B4B53B /* EmplesItemView.swift */ = {isa = PBXFileReference; fileEncoding = 4; lastKnownFileType = sourcecode.swift; path = EmplesItemView.swift; sourceTree = "<group>"; };
		F06AE2181FB9FF7A00B4B53B /* EmplesItemView.xib */ = {isa = PBXFileReference; fileEncoding = 4; lastKnownFileType = file.xib; path = EmplesItemView.xib; sourceTree = "<group>"; };
		F06AE21A1FB9FF7A00B4B53B /* EProgressView.swift */ = {isa = PBXFileReference; fileEncoding = 4; lastKnownFileType = sourcecode.swift; path = EProgressView.swift; sourceTree = "<group>"; };
		F06AE21C1FB9FF7A00B4B53B /* background.png */ = {isa = PBXFileReference; lastKnownFileType = image.png; path = background.png; sourceTree = "<group>"; };
		F06AE21E1FB9FF7A00B4B53B /* Base */ = {isa = PBXFileReference; lastKnownFileType = file.storyboard; name = Base; path = Base.lproj/LaunchScreen.storyboard; sourceTree = "<group>"; };
		F06AE21F1FB9FF7A00B4B53B /* Info.plist */ = {isa = PBXFileReference; fileEncoding = 4; lastKnownFileType = text.plist.xml; path = Info.plist; sourceTree = "<group>"; };
		F06AE2221FB9FF7A00B4B53B /* ColorStrings.swift */ = {isa = PBXFileReference; fileEncoding = 4; lastKnownFileType = sourcecode.swift; path = ColorStrings.swift; sourceTree = "<group>"; };
		F06AE2231FB9FF7A00B4B53B /* FileNamesStrings.swift */ = {isa = PBXFileReference; fileEncoding = 4; lastKnownFileType = sourcecode.swift; path = FileNamesStrings.swift; sourceTree = "<group>"; };
		F06AE2241FB9FF7A00B4B53B /* LocalizedStrings.swift */ = {isa = PBXFileReference; fileEncoding = 4; lastKnownFileType = sourcecode.swift; path = LocalizedStrings.swift; sourceTree = "<group>"; };
		F06AE2261FB9FF7A00B4B53B /* NSObject+Name.swift */ = {isa = PBXFileReference; fileEncoding = 4; lastKnownFileType = sourcecode.swift; path = "NSObject+Name.swift"; sourceTree = "<group>"; };
		F06AE2271FB9FF7A00B4B53B /* ReusableView.swift */ = {isa = PBXFileReference; fileEncoding = 4; lastKnownFileType = sourcecode.swift; path = ReusableView.swift; sourceTree = "<group>"; };
		F06AE2281FB9FF7A00B4B53B /* String+Localizable.swift */ = {isa = PBXFileReference; fileEncoding = 4; lastKnownFileType = sourcecode.swift; path = "String+Localizable.swift"; sourceTree = "<group>"; };
		F06AE2291FB9FF7A00B4B53B /* UIColor+Hex.swift */ = {isa = PBXFileReference; fileEncoding = 4; lastKnownFileType = sourcecode.swift; path = "UIColor+Hex.swift"; sourceTree = "<group>"; };
		F06AE2841FB9FFF200B4B53B /* README.md */ = {isa = PBXFileReference; fileEncoding = 4; lastKnownFileType = net.daringfireball.markdown; path = README.md; sourceTree = "<group>"; };
		F0A4DCD31FB9FEB000E6DB87 /* EmplesMVVMReactiveCocoa.app */ = {isa = PBXFileReference; explicitFileType = wrapper.application; includeInIndex = 0; path = EmplesMVVMReactiveCocoa.app; sourceTree = BUILT_PRODUCTS_DIR; };
/* End PBXFileReference section */

/* Begin PBXFrameworksBuildPhase section */
		F0A4DCD01FB9FEB000E6DB87 /* Frameworks */ = {
			isa = PBXFrameworksBuildPhase;
			buildActionMask = 2147483647;
			files = (
				C1ED65CE615D0E15BC351C69 /* Pods_EmplesMVVMReactiveCocoa.framework in Frameworks */,
			);
			runOnlyForDeploymentPostprocessing = 0;
		};
/* End PBXFrameworksBuildPhase section */

/* Begin PBXGroup section */
		73AF38B1055EB31206A28FE4 /* Pods */ = {
			isa = PBXGroup;
			children = (
				0A9CF65DF7CE957DFC4D9802 /* Pods-EmplesMVVMReactiveCocoa.debug.xcconfig */,
				CDEAE074CA62CD9C845143CB /* Pods-EmplesMVVMReactiveCocoa.release.xcconfig */,
			);
			name = Pods;
			sourceTree = "<group>";
		};
		DC4588A3508459CAC00F62B3 /* Frameworks */ = {
			isa = PBXGroup;
			children = (
				DAC80E1276AA81CAE91AA5BC /* Pods_EmplesMVVMReactiveCocoa.framework */,
			);
			name = Frameworks;
			sourceTree = "<group>";
		};
		F06AE1971FB9FF7900B4B53B /* Resources */ = {
			isa = PBXGroup;
			children = (
				F06AE1981FB9FF7900B4B53B /* Assets.xcassets */,
				F06AE1991FB9FF7900B4B53B /* fakeJsons */,
				F06AE19C1FB9FF7900B4B53B /* Strings */,
			);
			path = Resources;
			sourceTree = "<group>";
		};
		F06AE1991FB9FF7900B4B53B /* fakeJsons */ = {
			isa = PBXGroup;
			children = (
				F06AE19A1FB9FF7900B4B53B /* RecArea.json */,
				F06AE19B1FB9FF7900B4B53B /* RecAreaAddress.json */,
			);
			path = fakeJsons;
			sourceTree = "<group>";
		};
		F06AE19C1FB9FF7900B4B53B /* Strings */ = {
			isa = PBXGroup;
			children = (
				F06AE19D1FB9FF7900B4B53B /* Localizable.strings */,
			);
			path = Strings;
			sourceTree = "<group>";
		};
		F06AE1A11FB9FF7900B4B53B /* Classes */ = {
			isa = PBXGroup;
			children = (
				F06AE1A21FB9FF7900B4B53B /* ApplicationLayer */,
				F06AE1AE1FB9FF7900B4B53B /* BusinessLogicLayer */,
				F06AE1C11FB9FF7900B4B53B /* Common */,
				F06AE1CF1FB9FF7900B4B53B /* PresentationLayer */,
				F06AE1FC1FB9FF7A00B4B53B /* UIControls */,
			);
			path = Classes;
			sourceTree = "<group>";
		};
		F06AE1A21FB9FF7900B4B53B /* ApplicationLayer */ = {
			isa = PBXGroup;
			children = (
				F06AE1A31FB9FF7900B4B53B /* AppDelegate */,
				F06AE1A91FB9FF7900B4B53B /* Assembly */,
				F06AE1AC1FB9FF7900B4B53B /* UINavigationController */,
			);
			path = ApplicationLayer;
			sourceTree = "<group>";
		};
		F06AE1A31FB9FF7900B4B53B /* AppDelegate */ = {
			isa = PBXGroup;
			children = (
				F06AE1A41FB9FF7900B4B53B /* AppDelegate.swift */,
				F06AE1A51FB9FF7900B4B53B /* BaseAppDelegate.swift */,
				F06AE1A61FB9FF7900B4B53B /* Services */,
			);
			path = AppDelegate;
			sourceTree = "<group>";
		};
		F06AE1A61FB9FF7900B4B53B /* Services */ = {
			isa = PBXGroup;
			children = (
				F06AE1A71FB9FF7900B4B53B /* AppearanceService.swift */,
				F06AE1A81FB9FF7900B4B53B /* GoogleService.swift */,
			);
			path = Services;
			sourceTree = "<group>";
		};
		F06AE1A91FB9FF7900B4B53B /* Assembly */ = {
			isa = PBXGroup;
			children = (
				F06AE1AA1FB9FF7900B4B53B /* RootAssembler.swift */,
				F06AE1AB1FB9FF7900B4B53B /* RootViewAssembly.swift */,
			);
			path = Assembly;
			sourceTree = "<group>";
		};
		F06AE1AC1FB9FF7900B4B53B /* UINavigationController */ = {
			isa = PBXGroup;
			children = (
				F06AE1AD1FB9FF7900B4B53B /* MainNavigationController.swift */,
			);
			path = UINavigationController;
			sourceTree = "<group>";
		};
		F06AE1AE1FB9FF7900B4B53B /* BusinessLogicLayer */ = {
			isa = PBXGroup;
			children = (
				F06AE1AF1FB9FF7900B4B53B /* Assembler */,
				F06AE1B11FB9FF7900B4B53B /* Entity */,
				F06AE1B31FB9FF7900B4B53B /* Gateways */,
				F06AE1BD1FB9FF7900B4B53B /* Result.swift */,
				F06AE1BE1FB9FF7900B4B53B /* UseCase */,
			);
			path = BusinessLogicLayer;
			sourceTree = "<group>";
		};
		F06AE1AF1FB9FF7900B4B53B /* Assembler */ = {
			isa = PBXGroup;
			children = (
				F06AE1B01FB9FF7900B4B53B /* BusinessLayerAssembly.swift */,
			);
			path = Assembler;
			sourceTree = "<group>";
		};
		F06AE1B11FB9FF7900B4B53B /* Entity */ = {
			isa = PBXGroup;
			children = (
				F06AE1B21FB9FF7900B4B53B /* RecArea.swift */,
			);
			path = Entity;
			sourceTree = "<group>";
		};
		F06AE1B31FB9FF7900B4B53B /* Gateways */ = {
			isa = PBXGroup;
			children = (
				F06AE1B41FB9FF7900B4B53B /* FilePersistence */,
				F06AE1B81FB9FF7900B4B53B /* GatewayProtocol */,
				F06AE1BB1FB9FF7900B4B53B /* JSONModel */,
			);
			path = Gateways;
			sourceTree = "<group>";
		};
		F06AE1B41FB9FF7900B4B53B /* FilePersistence */ = {
			isa = PBXGroup;
			children = (
				F06AE1B51FB9FF7900B4B53B /* DataFilePersistenceGateway.swift */,
				F06AE1B61FB9FF7900B4B53B /* FileReader */,
			);
			path = FilePersistence;
			sourceTree = "<group>";
		};
		F06AE1B61FB9FF7900B4B53B /* FileReader */ = {
			isa = PBXGroup;
			children = (
				F06AE1B71FB9FF7900B4B53B /* EmplesFSJsonReader.swift */,
			);
			path = FileReader;
			sourceTree = "<group>";
		};
		F06AE1B81FB9FF7900B4B53B /* GatewayProtocol */ = {
			isa = PBXGroup;
			children = (
				F06AE1B91FB9FF7900B4B53B /* DataAreaGatewayProtocol.swift */,
				F06AE1BA1FB9FF7900B4B53B /* DataRequestProtocol.swift */,
			);
			path = GatewayProtocol;
			sourceTree = "<group>";
		};
		F06AE1BB1FB9FF7900B4B53B /* JSONModel */ = {
			isa = PBXGroup;
			children = (
				F06AE1BC1FB9FF7900B4B53B /* EmplesRecAreaMappable.swift */,
			);
			path = JSONModel;
			sourceTree = "<group>";
		};
		F06AE1BE1FB9FF7900B4B53B /* UseCase */ = {
			isa = PBXGroup;
			children = (
				F06AE1BF1FB9FF7900B4B53B /* DisplayAreaCollectionUseCase.swift */,
				F06AE1C01FB9FF7900B4B53B /* DisplayAreaCollectionUseCaseImplementation.swift */,
			);
			path = UseCase;
			sourceTree = "<group>";
		};
		F06AE1C11FB9FF7900B4B53B /* Common */ = {
			isa = PBXGroup;
			children = (
				F06AE1C21FB9FF7900B4B53B /* BaseRouter */,
				F06AE1C41FB9FF7900B4B53B /* GenericCollectionSource */,
				F06AE1C71FB9FF7900B4B53B /* GenericTableSource */,
				F06AE1CA1FB9FF7900B4B53B /* SourceItems */,
				F06AE1CD1FB9FF7900B4B53B /* ViewCellModelProtocol.swift */,
				F06AE1CE1FB9FF7900B4B53B /* ViewCellProtocol.swift */,
			);
			path = Common;
			sourceTree = "<group>";
		};
		F06AE1C21FB9FF7900B4B53B /* BaseRouter */ = {
			isa = PBXGroup;
			children = (
				F06AE1C31FB9FF7900B4B53B /* BaseRouter.swift */,
			);
			path = BaseRouter;
			sourceTree = "<group>";
		};
		F06AE1C41FB9FF7900B4B53B /* GenericCollectionSource */ = {
			isa = PBXGroup;
			children = (
				F06AE1C51FB9FF7900B4B53B /* GenericGridViewDelegate.swift */,
				F06AE1C61FB9FF7900B4B53B /* GenericGridViewSource.swift */,
			);
			path = GenericCollectionSource;
			sourceTree = "<group>";
		};
		F06AE1C71FB9FF7900B4B53B /* GenericTableSource */ = {
			isa = PBXGroup;
			children = (
				F06AE1C81FB9FF7900B4B53B /* GenericTableViewDelegate.swift */,
				F06AE1C91FB9FF7900B4B53B /* GenericTableViewSource.swift */,
			);
			path = GenericTableSource;
			sourceTree = "<group>";
		};
		F06AE1CA1FB9FF7900B4B53B /* SourceItems */ = {
			isa = PBXGroup;
			children = (
				F06AE1CB1FB9FF7900B4B53B /* DataGridSourceItem.swift */,
				F06AE1CC1FB9FF7900B4B53B /* DataSourceItem.swift */,
			);
			path = SourceItems;
			sourceTree = "<group>";
		};
		F06AE1CF1FB9FF7900B4B53B /* PresentationLayer */ = {
			isa = PBXGroup;
			children = (
				F06AE1D01FB9FF7900B4B53B /* Assembler */,
				F06AE1D31FB9FF7900B4B53B /* Collections */,
				F06AE1F71FB9FF7A00B4B53B /* Menu */,
			);
			path = PresentationLayer;
			sourceTree = "<group>";
		};
		F06AE1D01FB9FF7900B4B53B /* Assembler */ = {
			isa = PBXGroup;
			children = (
				F06AE1D11FB9FF7900B4B53B /* CollectionAssembler.swift */,
				F06AE1D21FB9FF7900B4B53B /* DetailAssembler.swift */,
			);
			path = Assembler;
			sourceTree = "<group>";
		};
		F06AE1D31FB9FF7900B4B53B /* Collections */ = {
			isa = PBXGroup;
			children = (
				F06AE1D41FB9FF7900B4B53B /* Carousel */,
				F06AE1DA1FB9FF7900B4B53B /* Common */,
				F06AE1E01FB9FF7900B4B53B /* Detail */,
				F06AE1E41FB9FF7900B4B53B /* Gallery */,
				F06AE1E91FB9FF7900B4B53B /* Grid */,
				F06AE1EC1FB9FF7900B4B53B /* List */,
				F06AE1EF1FB9FF7900B4B53B /* Stack */,
			);
			path = Collections;
			sourceTree = "<group>";
		};
		F06AE1D41FB9FF7900B4B53B /* Carousel */ = {
			isa = PBXGroup;
			children = (
				F06AE1D51FB9FF7900B4B53B /* EmplesCarouselViewModel.swift */,
				F06AE1D61FB9FF7900B4B53B /* EmplesCarouselView.swift */,
				F06AE1D71FB9FF7900B4B53B /* Source */,
			);
			path = Carousel;
			sourceTree = "<group>";
		};
		F06AE1D71FB9FF7900B4B53B /* Source */ = {
			isa = PBXGroup;
			children = (
				F06AE1D81FB9FF7900B4B53B /* CarouselViewDelegate.swift */,
				F06AE1D91FB9FF7900B4B53B /* CarouselViewSource.swift */,
			);
			path = Source;
			sourceTree = "<group>";
		};
		F06AE1DA1FB9FF7900B4B53B /* Common */ = {
			isa = PBXGroup;
			children = (
				F06AE1DB1FB9FF7900B4B53B /* BaseCollectionView.swift */,
				F06AE1DC1FB9FF7900B4B53B /* CollectionViewProtocol.swift */,
				F06AE1DD1FB9FF7900B4B53B /* EmplesCollectionViewModelBase.swift */,
				F06AE1DE1FB9FF7900B4B53B /* EmplesItemRouter.swift */,
				F06AE1DF1FB9FF7900B4B53B /* LifeCycleProtocol.swift */,
			);
			path = Common;
			sourceTree = "<group>";
		};
		F06AE1E01FB9FF7900B4B53B /* Detail */ = {
			isa = PBXGroup;
			children = (
				F06AE1E11FB9FF7900B4B53B /* DetailAreaModel.swift */,
				F06AE1E21FB9FF7900B4B53B /* DetailViewModel.swift */,
				F06AE1E31FB9FF7900B4B53B /* DetailView.swift */,
			);
			path = Detail;
			sourceTree = "<group>";
		};
		F06AE1E41FB9FF7900B4B53B /* Gallery */ = {
			isa = PBXGroup;
			children = (
				F06AE1E51FB9FF7900B4B53B /* EmplesGalleryViewModel.swift */,
				F06AE1E61FB9FF7900B4B53B /* EmplesGalleryView.swift */,
				F06AE1E71FB9FF7900B4B53B /* FlowLayout */,
			);
			path = Gallery;
			sourceTree = "<group>";
		};
		F06AE1E71FB9FF7900B4B53B /* FlowLayout */ = {
			isa = PBXGroup;
			children = (
				F06AE1E81FB9FF7900B4B53B /* EmplesGalleryCollectionFlowLayout.swift */,
			);
			path = FlowLayout;
			sourceTree = "<group>";
		};
		F06AE1E91FB9FF7900B4B53B /* Grid */ = {
			isa = PBXGroup;
			children = (
				F06AE1EA1FB9FF7900B4B53B /* EmplesGridViewModel.swift */,
				F06AE1EB1FB9FF7900B4B53B /* EmplesGridView.swift */,
			);
			path = Grid;
			sourceTree = "<group>";
		};
		F06AE1EC1FB9FF7900B4B53B /* List */ = {
			isa = PBXGroup;
			children = (
				F06AE1ED1FB9FF7900B4B53B /* EmplesListViewModel.swift */,
				F06AE1EE1FB9FF7900B4B53B /* EmplesListView.swift */,
			);
			path = List;
			sourceTree = "<group>";
		};
		F06AE1EF1FB9FF7900B4B53B /* Stack */ = {
			isa = PBXGroup;
			children = (
				F06AE1F01FB9FF7900B4B53B /* CustomView */,
				F06AE1F21FB9FF7900B4B53B /* EmplesStackedViewModel.swift */,
				F06AE1F31FB9FF7900B4B53B /* EmplesStackedView.swift */,
				F06AE1F41FB9FF7900B4B53B /* Source */,
			);
			path = Stack;
			sourceTree = "<group>";
		};
		F06AE1F01FB9FF7900B4B53B /* CustomView */ = {
			isa = PBXGroup;
			children = (
				F06AE1F11FB9FF7900B4B53B /* StackKolodaView.swift */,
			);
			path = CustomView;
			sourceTree = "<group>";
		};
		F06AE1F41FB9FF7900B4B53B /* Source */ = {
			isa = PBXGroup;
			children = (
				F06AE1F51FB9FF7900B4B53B /* StackedViewDelegate.swift */,
				F06AE1F61FB9FF7900B4B53B /* StackedViewSource.swift */,
			);
			path = Source;
			sourceTree = "<group>";
		};
		F06AE1F71FB9FF7A00B4B53B /* Menu */ = {
			isa = PBXGroup;
			children = (
				F06AE1F81FB9FF7A00B4B53B /* EmplesMenuModel.swift */,
				F06AE1F91FB9FF7A00B4B53B /* EmplesMenuViewModel.swift */,
				F06AE1FA1FB9FF7A00B4B53B /* EmplesMenuRouter.swift */,
				F06AE1FB1FB9FF7A00B4B53B /* EmplesMenuView.swift */,
			);
			path = Menu;
			sourceTree = "<group>";
		};
		F06AE1FC1FB9FF7A00B4B53B /* UIControls */ = {
			isa = PBXGroup;
			children = (
				F06AE1FD1FB9FF7A00B4B53B /* Cells */,
				F06AE2161FB9FF7A00B4B53B /* ItemView */,
				F06AE2191FB9FF7A00B4B53B /* ProgressView */,
			);
			path = UIControls;
			sourceTree = "<group>";
		};
		F06AE1FD1FB9FF7A00B4B53B /* Cells */ = {
			isa = PBXGroup;
			children = (
				F06AE1FE1FB9FF7A00B4B53B /* Detail */,
				F06AE20A1FB9FF7A00B4B53B /* Grid */,
				F06AE20E1FB9FF7A00B4B53B /* List */,
				F06AE2121FB9FF7A00B4B53B /* Menu */,
			);
			path = Cells;
			sourceTree = "<group>";
		};
		F06AE1FE1FB9FF7A00B4B53B /* Detail */ = {
			isa = PBXGroup;
			children = (
				F06AE1FF1FB9FF7A00B4B53B /* Description */,
				F06AE2031FB9FF7A00B4B53B /* Directions */,
				F06AE2071FB9FF7A00B4B53B /* Map */,
			);
			path = Detail;
			sourceTree = "<group>";
		};
		F06AE1FF1FB9FF7A00B4B53B /* Description */ = {
			isa = PBXGroup;
			children = (
				F06AE2001FB9FF7A00B4B53B /* DetailDescriptionCellModel.swift */,
				F06AE2011FB9FF7A00B4B53B /* DetailDescriptionViewCell.swift */,
				F06AE2021FB9FF7A00B4B53B /* DetailDescriptionViewCell.xib */,
			);
			path = Description;
			sourceTree = "<group>";
		};
		F06AE2031FB9FF7A00B4B53B /* Directions */ = {
			isa = PBXGroup;
			children = (
				F06AE2041FB9FF7A00B4B53B /* DetailDirectionsCellModel.swift */,
				F06AE2051FB9FF7A00B4B53B /* DetailDirectionTextViewCell.swift */,
				F06AE2061FB9FF7A00B4B53B /* DetailDirectionTextViewCell.xib */,
			);
			path = Directions;
			sourceTree = "<group>";
		};
		F06AE2071FB9FF7A00B4B53B /* Map */ = {
			isa = PBXGroup;
			children = (
				F06AE2081FB9FF7A00B4B53B /* DetailMapCellModel.swift */,
				F06AE2091FB9FF7A00B4B53B /* DetailMapViewCell.swift */,
			);
			path = Map;
			sourceTree = "<group>";
		};
		F06AE20A1FB9FF7A00B4B53B /* Grid */ = {
			isa = PBXGroup;
			children = (
				F06AE20B1FB9FF7A00B4B53B /* EmplesGridCellModel.swift */,
				F06AE20C1FB9FF7A00B4B53B /* EmplesGridViewCell.swift */,
				F06AE20D1FB9FF7A00B4B53B /* EmplesGridViewCell.xib */,
			);
			path = Grid;
			sourceTree = "<group>";
		};
		F06AE20E1FB9FF7A00B4B53B /* List */ = {
			isa = PBXGroup;
			children = (
				F06AE20F1FB9FF7A00B4B53B /* EmplesListCellModel.swift */,
				F06AE2101FB9FF7A00B4B53B /* EmplesListCellView.swift */,
				F06AE2111FB9FF7A00B4B53B /* EmplesListCellView.xib */,
			);
			path = List;
			sourceTree = "<group>";
		};
		F06AE2121FB9FF7A00B4B53B /* Menu */ = {
			isa = PBXGroup;
			children = (
				F06AE2131FB9FF7A00B4B53B /* EmplesMenuCellModel.swift */,
				F06AE2141FB9FF7A00B4B53B /* EmplesMenuViewCell.swift */,
				F06AE2151FB9FF7A00B4B53B /* EmplesMenuViewCell.xib */,
			);
			path = Menu;
			sourceTree = "<group>";
		};
		F06AE2161FB9FF7A00B4B53B /* ItemView */ = {
			isa = PBXGroup;
			children = (
				F06AE2171FB9FF7A00B4B53B /* EmplesItemView.swift */,
				F06AE2181FB9FF7A00B4B53B /* EmplesItemView.xib */,
			);
			path = ItemView;
			sourceTree = "<group>";
		};
		F06AE2191FB9FF7A00B4B53B /* ProgressView */ = {
			isa = PBXGroup;
			children = (
				F06AE21A1FB9FF7A00B4B53B /* EProgressView.swift */,
			);
			path = ProgressView;
			sourceTree = "<group>";
		};
		F06AE21B1FB9FF7A00B4B53B /* Supporting files */ = {
			isa = PBXGroup;
			children = (
				F06AE21C1FB9FF7A00B4B53B /* background.png */,
				F06AE21D1FB9FF7A00B4B53B /* LaunchScreen.storyboard */,
				F06AE21F1FB9FF7A00B4B53B /* Info.plist */,
			);
			path = "Supporting files";
			sourceTree = "<group>";
		};
		F06AE2201FB9FF7A00B4B53B /* Misc */ = {
			isa = PBXGroup;
			children = (
				F06AE2211FB9FF7A00B4B53B /* Constants */,
				F06AE2251FB9FF7A00B4B53B /* Extensions */,
			);
			path = Misc;
			sourceTree = "<group>";
		};
		F06AE2211FB9FF7A00B4B53B /* Constants */ = {
			isa = PBXGroup;
			children = (
				F06AE2221FB9FF7A00B4B53B /* ColorStrings.swift */,
				F06AE2231FB9FF7A00B4B53B /* FileNamesStrings.swift */,
				F06AE2241FB9FF7A00B4B53B /* LocalizedStrings.swift */,
			);
			path = Constants;
			sourceTree = "<group>";
		};
		F06AE2251FB9FF7A00B4B53B /* Extensions */ = {
			isa = PBXGroup;
			children = (
				F06AE2261FB9FF7A00B4B53B /* NSObject+Name.swift */,
				F06AE2271FB9FF7A00B4B53B /* ReusableView.swift */,
				F06AE2281FB9FF7A00B4B53B /* String+Localizable.swift */,
				F06AE2291FB9FF7A00B4B53B /* UIColor+Hex.swift */,
			);
			path = Extensions;
			sourceTree = "<group>";
		};
		F0A4DCCA1FB9FEB000E6DB87 = {
			isa = PBXGroup;
			children = (
				F06AE2841FB9FFF200B4B53B /* README.md */,
				F0A4DCD51FB9FEB000E6DB87 /* EmplesMVVMReactiveCocoa */,
				F0A4DCD41FB9FEB000E6DB87 /* Products */,
				73AF38B1055EB31206A28FE4 /* Pods */,
				DC4588A3508459CAC00F62B3 /* Frameworks */,
			);
			sourceTree = "<group>";
		};
		F0A4DCD41FB9FEB000E6DB87 /* Products */ = {
			isa = PBXGroup;
			children = (
				F0A4DCD31FB9FEB000E6DB87 /* EmplesMVVMReactiveCocoa.app */,
			);
			name = Products;
			sourceTree = "<group>";
		};
		F0A4DCD51FB9FEB000E6DB87 /* EmplesMVVMReactiveCocoa */ = {
			isa = PBXGroup;
			children = (
				F06AE1A11FB9FF7900B4B53B /* Classes */,
				F06AE2201FB9FF7A00B4B53B /* Misc */,
				F06AE1971FB9FF7900B4B53B /* Resources */,
				F06AE21B1FB9FF7A00B4B53B /* Supporting files */,
			);
			path = EmplesMVVMReactiveCocoa;
			sourceTree = "<group>";
		};
/* End PBXGroup section */

/* Begin PBXNativeTarget section */
		F0A4DCD21FB9FEB000E6DB87 /* EmplesMVVMReactiveCocoa */ = {
			isa = PBXNativeTarget;
			buildConfigurationList = F0A4DCE51FB9FEB100E6DB87 /* Build configuration list for PBXNativeTarget "EmplesMVVMReactiveCocoa" */;
			buildPhases = (
				839A922A1AE28036EBCC709D /* [CP] Check Pods Manifest.lock */,
				F0A4DCCF1FB9FEB000E6DB87 /* Sources */,
				F0A4DCD01FB9FEB000E6DB87 /* Frameworks */,
				F0A4DCD11FB9FEB000E6DB87 /* Resources */,
				92DE7799517559DACCB20732 /* [CP] Embed Pods Frameworks */,
				EFF32A1106915051A9D96AAF /* [CP] Copy Pods Resources */,
			);
			buildRules = (
			);
			dependencies = (
			);
			name = EmplesMVVMReactiveCocoa;
			productName = EmplesMVVMReactiveCocoa;
			productReference = F0A4DCD31FB9FEB000E6DB87 /* EmplesMVVMReactiveCocoa.app */;
			productType = "com.apple.product-type.application";
		};
/* End PBXNativeTarget section */

/* Begin PBXProject section */
		F0A4DCCB1FB9FEB000E6DB87 /* Project object */ = {
			isa = PBXProject;
			attributes = {
				LastSwiftUpdateCheck = 0910;
				LastUpgradeCheck = 0910;
				ORGANIZATIONNAME = "Vasily Popov";
				TargetAttributes = {
					F0A4DCD21FB9FEB000E6DB87 = {
						CreatedOnToolsVersion = 9.1;
						ProvisioningStyle = Automatic;
					};
				};
			};
			buildConfigurationList = F0A4DCCE1FB9FEB000E6DB87 /* Build configuration list for PBXProject "EmplesMVVMReactiveCocoa" */;
			compatibilityVersion = "Xcode 8.0";
			developmentRegion = en;
			hasScannedForEncodings = 0;
			knownRegions = (
				en,
				Base,
				de,
				ru,
			);
			mainGroup = F0A4DCCA1FB9FEB000E6DB87;
			productRefGroup = F0A4DCD41FB9FEB000E6DB87 /* Products */;
			projectDirPath = "";
			projectRoot = "";
			targets = (
				F0A4DCD21FB9FEB000E6DB87 /* EmplesMVVMReactiveCocoa */,
			);
		};
/* End PBXProject section */

/* Begin PBXResourcesBuildPhase section */
		F0A4DCD11FB9FEB000E6DB87 /* Resources */ = {
			isa = PBXResourcesBuildPhase;
			buildActionMask = 2147483647;
			files = (
				F06AE22A1FB9FF7A00B4B53B /* Assets.xcassets in Resources */,
				F06AE2701FB9FF7A00B4B53B /* EmplesGridViewCell.xib in Resources */,
				F06AE2681FB9FF7A00B4B53B /* DetailDescriptionViewCell.xib in Resources */,
				F06AE22D1FB9FF7A00B4B53B /* Localizable.strings in Resources */,
				F06AE2731FB9FF7A00B4B53B /* EmplesListCellView.xib in Resources */,
				F06AE2761FB9FF7A00B4B53B /* EmplesMenuViewCell.xib in Resources */,
				F06AE26B1FB9FF7A00B4B53B /* DetailDirectionTextViewCell.xib in Resources */,
				F06AE22B1FB9FF7A00B4B53B /* RecArea.json in Resources */,
				F06AE27B1FB9FF7A00B4B53B /* LaunchScreen.storyboard in Resources */,
				F06AE2851FB9FFF200B4B53B /* README.md in Resources */,
				F06AE27A1FB9FF7A00B4B53B /* background.png in Resources */,
				F06AE2781FB9FF7A00B4B53B /* EmplesItemView.xib in Resources */,
			);
			runOnlyForDeploymentPostprocessing = 0;
		};
/* End PBXResourcesBuildPhase section */

/* Begin PBXShellScriptBuildPhase section */
		839A922A1AE28036EBCC709D /* [CP] Check Pods Manifest.lock */ = {
			isa = PBXShellScriptBuildPhase;
			buildActionMask = 2147483647;
			files = (
			);
			inputPaths = (
				"${PODS_PODFILE_DIR_PATH}/Podfile.lock",
				"${PODS_ROOT}/Manifest.lock",
			);
			name = "[CP] Check Pods Manifest.lock";
			outputPaths = (
				"$(DERIVED_FILE_DIR)/Pods-EmplesMVVMReactiveCocoa-checkManifestLockResult.txt",
			);
			runOnlyForDeploymentPostprocessing = 0;
			shellPath = /bin/sh;
			shellScript = "diff \"${PODS_PODFILE_DIR_PATH}/Podfile.lock\" \"${PODS_ROOT}/Manifest.lock\" > /dev/null\nif [ $? != 0 ] ; then\n    # print error to STDERR\n    echo \"error: The sandbox is not in sync with the Podfile.lock. Run 'pod install' or update your CocoaPods installation.\" >&2\n    exit 1\nfi\n# This output is used by Xcode 'outputs' to avoid re-running this script phase.\necho \"SUCCESS\" > \"${SCRIPT_OUTPUT_FILE_0}\"\n";
			showEnvVarsInLog = 0;
		};
		92DE7799517559DACCB20732 /* [CP] Embed Pods Frameworks */ = {
			isa = PBXShellScriptBuildPhase;
			buildActionMask = 2147483647;
			files = (
			);
			inputPaths = (
				"${SRCROOT}/Pods/Target Support Files/Pods-EmplesMVVMReactiveCocoa/Pods-EmplesMVVMReactiveCocoa-frameworks.sh",
				"${BUILT_PRODUCTS_DIR}/Kingfisher/Kingfisher.framework",
				"${BUILT_PRODUCTS_DIR}/Koloda/Koloda.framework",
				"${BUILT_PRODUCTS_DIR}/ObjectMapper/ObjectMapper.framework",
				"${BUILT_PRODUCTS_DIR}/ReactiveCocoa/ReactiveCocoa.framework",
				"${BUILT_PRODUCTS_DIR}/ReactiveSwift/ReactiveSwift.framework",
				"${BUILT_PRODUCTS_DIR}/Result/Result.framework",
				"${BUILT_PRODUCTS_DIR}/Swinject/Swinject.framework",
				"${BUILT_PRODUCTS_DIR}/iCarousel/iCarousel.framework",
				"${BUILT_PRODUCTS_DIR}/pop/pop.framework",
			);
			name = "[CP] Embed Pods Frameworks";
			outputPaths = (
				"${TARGET_BUILD_DIR}/${FRAMEWORKS_FOLDER_PATH}/Kingfisher.framework",
				"${TARGET_BUILD_DIR}/${FRAMEWORKS_FOLDER_PATH}/Koloda.framework",
				"${TARGET_BUILD_DIR}/${FRAMEWORKS_FOLDER_PATH}/ObjectMapper.framework",
				"${TARGET_BUILD_DIR}/${FRAMEWORKS_FOLDER_PATH}/ReactiveCocoa.framework",
				"${TARGET_BUILD_DIR}/${FRAMEWORKS_FOLDER_PATH}/ReactiveSwift.framework",
				"${TARGET_BUILD_DIR}/${FRAMEWORKS_FOLDER_PATH}/Result.framework",
				"${TARGET_BUILD_DIR}/${FRAMEWORKS_FOLDER_PATH}/Swinject.framework",
				"${TARGET_BUILD_DIR}/${FRAMEWORKS_FOLDER_PATH}/iCarousel.framework",
				"${TARGET_BUILD_DIR}/${FRAMEWORKS_FOLDER_PATH}/pop.framework",
			);
			runOnlyForDeploymentPostprocessing = 0;
			shellPath = /bin/sh;
			shellScript = "\"${SRCROOT}/Pods/Target Support Files/Pods-EmplesMVVMReactiveCocoa/Pods-EmplesMVVMReactiveCocoa-frameworks.sh\"\n";
			showEnvVarsInLog = 0;
		};
		EFF32A1106915051A9D96AAF /* [CP] Copy Pods Resources */ = {
			isa = PBXShellScriptBuildPhase;
			buildActionMask = 2147483647;
			files = (
			);
			inputPaths = (
				"${SRCROOT}/Pods/Target Support Files/Pods-EmplesMVVMReactiveCocoa/Pods-EmplesMVVMReactiveCocoa-resources.sh",
				"${PODS_ROOT}/GoogleMaps/Maps/Frameworks/GoogleMaps.framework/Resources/GoogleMaps.bundle",
			);
			name = "[CP] Copy Pods Resources";
			outputPaths = (
				"${TARGET_BUILD_DIR}/${UNLOCALIZED_RESOURCES_FOLDER_PATH}",
			);
			runOnlyForDeploymentPostprocessing = 0;
			shellPath = /bin/sh;
			shellScript = "\"${SRCROOT}/Pods/Target Support Files/Pods-EmplesMVVMReactiveCocoa/Pods-EmplesMVVMReactiveCocoa-resources.sh\"\n";
			showEnvVarsInLog = 0;
		};
/* End PBXShellScriptBuildPhase section */

/* Begin PBXSourcesBuildPhase section */
		F0A4DCCF1FB9FEB000E6DB87 /* Sources */ = {
			isa = PBXSourcesBuildPhase;
			buildActionMask = 2147483647;
			files = (
				F06AE23E1FB9FF7A00B4B53B /* DisplayAreaCollectionUseCaseImplementation.swift in Sources */,
				F06AE23F1FB9FF7A00B4B53B /* BaseRouter.swift in Sources */,
				F06AE2721FB9FF7A00B4B53B /* EmplesListCellView.swift in Sources */,
				F06AE2821FB9FF7A00B4B53B /* String+Localizable.swift in Sources */,
				F06AE2441FB9FF7A00B4B53B /* DataGridSourceItem.swift in Sources */,
				F06AE2631FB9FF7A00B4B53B /* EmplesMenuViewModel.swift in Sources */,
				F06AE2311FB9FF7A00B4B53B /* GoogleService.swift in Sources */,
				F06AE24A1FB9FF7A00B4B53B /* EmplesCarouselViewModel.swift in Sources */,
				F06AE23A1FB9FF7A00B4B53B /* DataRequestProtocol.swift in Sources */,
				F06AE2491FB9FF7A00B4B53B /* DetailAssembler.swift in Sources */,
				F06AE2621FB9FF7A00B4B53B /* EmplesMenuModel.swift in Sources */,
				F06AE2801FB9FF7A00B4B53B /* NSObject+Name.swift in Sources */,
				F06AE2661FB9FF7A00B4B53B /* DetailDescriptionCellModel.swift in Sources */,
				F06AE2531FB9FF7A00B4B53B /* DetailAreaModel.swift in Sources */,
				F06AE22E1FB9FF7A00B4B53B /* AppDelegate.swift in Sources */,
				F06AE24B1FB9FF7A00B4B53B /* EmplesCarouselView.swift in Sources */,
				F06AE2741FB9FF7A00B4B53B /* EmplesMenuCellModel.swift in Sources */,
				F06AE2411FB9FF7A00B4B53B /* GenericGridViewSource.swift in Sources */,
				F06AE27F1FB9FF7A00B4B53B /* LocalizedStrings.swift in Sources */,
				F06AE25D1FB9FF7A00B4B53B /* StackKolodaView.swift in Sources */,
				F06AE2401FB9FF7A00B4B53B /* GenericGridViewDelegate.swift in Sources */,
				F06AE2511FB9FF7A00B4B53B /* EmplesItemRouter.swift in Sources */,
				F06AE24C1FB9FF7A00B4B53B /* CarouselViewDelegate.swift in Sources */,
				F06AE25C1FB9FF7A00B4B53B /* EmplesListView.swift in Sources */,
				F06AE25E1FB9FF7A00B4B53B /* EmplesStackedViewModel.swift in Sources */,
				F06AE24F1FB9FF7A00B4B53B /* CollectionViewProtocol.swift in Sources */,
				F06AE2471FB9FF7A00B4B53B /* ViewCellProtocol.swift in Sources */,
				F06AE2381FB9FF7A00B4B53B /* EmplesFSJsonReader.swift in Sources */,
				F06AE2561FB9FF7A00B4B53B /* EmplesGalleryViewModel.swift in Sources */,
				F06AE2391FB9FF7A00B4B53B /* DataAreaGatewayProtocol.swift in Sources */,
				F06AE26E1FB9FF7A00B4B53B /* EmplesGridCellModel.swift in Sources */,
				F06AE2641FB9FF7A00B4B53B /* EmplesMenuRouter.swift in Sources */,
				F06AE2791FB9FF7A00B4B53B /* EProgressView.swift in Sources */,
				F06AE23D1FB9FF7A00B4B53B /* DisplayAreaCollectionUseCase.swift in Sources */,
				F06AE2301FB9FF7A00B4B53B /* AppearanceService.swift in Sources */,
				F06AE26D1FB9FF7A00B4B53B /* DetailMapViewCell.swift in Sources */,
				F06AE23C1FB9FF7A00B4B53B /* Result.swift in Sources */,
				F06AE2811FB9FF7A00B4B53B /* ReusableView.swift in Sources */,
				F06AE2751FB9FF7A00B4B53B /* EmplesMenuViewCell.swift in Sources */,
				F06AE25B1FB9FF7A00B4B53B /* EmplesListViewModel.swift in Sources */,
				F06AE2671FB9FF7A00B4B53B /* DetailDescriptionViewCell.swift in Sources */,
				F06AE2651FB9FF7A00B4B53B /* EmplesMenuView.swift in Sources */,
				F06AE25F1FB9FF7A00B4B53B /* EmplesStackedView.swift in Sources */,
				F06AE26C1FB9FF7A00B4B53B /* DetailMapCellModel.swift in Sources */,
				F06AE2461FB9FF7A00B4B53B /* ViewCellModelProtocol.swift in Sources */,
				F06AE2571FB9FF7A00B4B53B /* EmplesGalleryView.swift in Sources */,
				F06AE2321FB9FF7A00B4B53B /* RootAssembler.swift in Sources */,
				F06AE26A1FB9FF7A00B4B53B /* DetailDirectionTextViewCell.swift in Sources */,
				F06AE25A1FB9FF7A00B4B53B /* EmplesGridView.swift in Sources */,
				F06AE2831FB9FF7A00B4B53B /* UIColor+Hex.swift in Sources */,
				F06AE2541FB9FF7A00B4B53B /* DetailViewModel.swift in Sources */,
				F06AE24E1FB9FF7A00B4B53B /* BaseCollectionView.swift in Sources */,
				F06AE2711FB9FF7A00B4B53B /* EmplesListCellModel.swift in Sources */,
				F06AE27D1FB9FF7A00B4B53B /* ColorStrings.swift in Sources */,
				F06AE2501FB9FF7A00B4B53B /* EmplesCollectionViewModelBase.swift in Sources */,
				F06AE23B1FB9FF7A00B4B53B /* EmplesRecAreaMappable.swift in Sources */,
				F06AE2431FB9FF7A00B4B53B /* GenericTableViewSource.swift in Sources */,
				F06AE2341FB9FF7A00B4B53B /* MainNavigationController.swift in Sources */,
				F06AE2451FB9FF7A00B4B53B /* DataSourceItem.swift in Sources */,
				F06AE2591FB9FF7A00B4B53B /* EmplesGridViewModel.swift in Sources */,
				F06AE2691FB9FF7A00B4B53B /* DetailDirectionsCellModel.swift in Sources */,
				F06AE2581FB9FF7A00B4B53B /* EmplesGalleryCollectionFlowLayout.swift in Sources */,
				F06AE2521FB9FF7A00B4B53B /* LifeCycleProtocol.swift in Sources */,
				F06AE2481FB9FF7A00B4B53B /* CollectionAssembler.swift in Sources */,
				F06AE2331FB9FF7A00B4B53B /* RootViewAssembly.swift in Sources */,
				F06AE2551FB9FF7A00B4B53B /* DetailView.swift in Sources */,
				F06AE2361FB9FF7A00B4B53B /* RecArea.swift in Sources */,
				F06AE22F1FB9FF7A00B4B53B /* BaseAppDelegate.swift in Sources */,
				F06AE27E1FB9FF7A00B4B53B /* FileNamesStrings.swift in Sources */,
				F06AE2421FB9FF7A00B4B53B /* GenericTableViewDelegate.swift in Sources */,
				F06AE26F1FB9FF7A00B4B53B /* EmplesGridViewCell.swift in Sources */,
				F06AE24D1FB9FF7A00B4B53B /* CarouselViewSource.swift in Sources */,
				F06AE2371FB9FF7A00B4B53B /* DataFilePersistenceGateway.swift in Sources */,
				F06AE2611FB9FF7A00B4B53B /* StackedViewSource.swift in Sources */,
				F06AE2601FB9FF7A00B4B53B /* StackedViewDelegate.swift in Sources */,
				F06AE2771FB9FF7A00B4B53B /* EmplesItemView.swift in Sources */,
				F06AE2351FB9FF7A00B4B53B /* BusinessLayerAssembly.swift in Sources */,
			);
			runOnlyForDeploymentPostprocessing = 0;
		};
/* End PBXSourcesBuildPhase section */

/* Begin PBXVariantGroup section */
		F06AE19D1FB9FF7900B4B53B /* Localizable.strings */ = {
			isa = PBXVariantGroup;
			children = (
				F06AE19E1FB9FF7900B4B53B /* de */,
				F06AE19F1FB9FF7900B4B53B /* en */,
				F06AE1A01FB9FF7900B4B53B /* ru */,
			);
			name = Localizable.strings;
			sourceTree = "<group>";
		};
		F06AE21D1FB9FF7A00B4B53B /* LaunchScreen.storyboard */ = {
			isa = PBXVariantGroup;
			children = (
				F06AE21E1FB9FF7A00B4B53B /* Base */,
			);
			name = LaunchScreen.storyboard;
			sourceTree = "<group>";
		};
/* End PBXVariantGroup section */

/* Begin XCBuildConfiguration section */
		F0A4DCE31FB9FEB100E6DB87 /* Debug */ = {
			isa = XCBuildConfiguration;
			buildSettings = {
				ALWAYS_SEARCH_USER_PATHS = NO;
				CLANG_ANALYZER_NONNULL = YES;
				CLANG_ANALYZER_NUMBER_OBJECT_CONVERSION = YES_AGGRESSIVE;
				CLANG_CXX_LANGUAGE_STANDARD = "gnu++14";
				CLANG_CXX_LIBRARY = "libc++";
				CLANG_ENABLE_MODULES = YES;
				CLANG_ENABLE_OBJC_ARC = YES;
				CLANG_WARN_BLOCK_CAPTURE_AUTORELEASING = YES;
				CLANG_WARN_BOOL_CONVERSION = YES;
				CLANG_WARN_COMMA = YES;
				CLANG_WARN_CONSTANT_CONVERSION = YES;
				CLANG_WARN_DIRECT_OBJC_ISA_USAGE = YES_ERROR;
				CLANG_WARN_DOCUMENTATION_COMMENTS = YES;
				CLANG_WARN_EMPTY_BODY = YES;
				CLANG_WARN_ENUM_CONVERSION = YES;
				CLANG_WARN_INFINITE_RECURSION = YES;
				CLANG_WARN_INT_CONVERSION = YES;
				CLANG_WARN_NON_LITERAL_NULL_CONVERSION = YES;
				CLANG_WARN_OBJC_LITERAL_CONVERSION = YES;
				CLANG_WARN_OBJC_ROOT_CLASS = YES_ERROR;
				CLANG_WARN_RANGE_LOOP_ANALYSIS = YES;
				CLANG_WARN_STRICT_PROTOTYPES = YES;
				CLANG_WARN_SUSPICIOUS_MOVE = YES;
				CLANG_WARN_UNGUARDED_AVAILABILITY = YES_AGGRESSIVE;
				CLANG_WARN_UNREACHABLE_CODE = YES;
				CLANG_WARN__DUPLICATE_METHOD_MATCH = YES;
				CODE_SIGN_IDENTITY = "iPhone Developer";
				COPY_PHASE_STRIP = NO;
				DEBUG_INFORMATION_FORMAT = dwarf;
				ENABLE_STRICT_OBJC_MSGSEND = YES;
				ENABLE_TESTABILITY = YES;
				GCC_C_LANGUAGE_STANDARD = gnu11;
				GCC_DYNAMIC_NO_PIC = NO;
				GCC_NO_COMMON_BLOCKS = YES;
				GCC_OPTIMIZATION_LEVEL = 0;
				GCC_PREPROCESSOR_DEFINITIONS = (
					"DEBUG=1",
					"$(inherited)",
				);
				GCC_WARN_64_TO_32_BIT_CONVERSION = YES;
				GCC_WARN_ABOUT_RETURN_TYPE = YES_ERROR;
				GCC_WARN_UNDECLARED_SELECTOR = YES;
				GCC_WARN_UNINITIALIZED_AUTOS = YES_AGGRESSIVE;
				GCC_WARN_UNUSED_FUNCTION = YES;
				GCC_WARN_UNUSED_VARIABLE = YES;
				IPHONEOS_DEPLOYMENT_TARGET = 11.1;
				MTL_ENABLE_DEBUG_INFO = YES;
				ONLY_ACTIVE_ARCH = YES;
				SDKROOT = iphoneos;
				SWIFT_ACTIVE_COMPILATION_CONDITIONS = DEBUG;
				SWIFT_OPTIMIZATION_LEVEL = "-Onone";
			};
			name = Debug;
		};
		F0A4DCE41FB9FEB100E6DB87 /* Release */ = {
			isa = XCBuildConfiguration;
			buildSettings = {
				ALWAYS_SEARCH_USER_PATHS = NO;
				CLANG_ANALYZER_NONNULL = YES;
				CLANG_ANALYZER_NUMBER_OBJECT_CONVERSION = YES_AGGRESSIVE;
				CLANG_CXX_LANGUAGE_STANDARD = "gnu++14";
				CLANG_CXX_LIBRARY = "libc++";
				CLANG_ENABLE_MODULES = YES;
				CLANG_ENABLE_OBJC_ARC = YES;
				CLANG_WARN_BLOCK_CAPTURE_AUTORELEASING = YES;
				CLANG_WARN_BOOL_CONVERSION = YES;
				CLANG_WARN_COMMA = YES;
				CLANG_WARN_CONSTANT_CONVERSION = YES;
				CLANG_WARN_DIRECT_OBJC_ISA_USAGE = YES_ERROR;
				CLANG_WARN_DOCUMENTATION_COMMENTS = YES;
				CLANG_WARN_EMPTY_BODY = YES;
				CLANG_WARN_ENUM_CONVERSION = YES;
				CLANG_WARN_INFINITE_RECURSION = YES;
				CLANG_WARN_INT_CONVERSION = YES;
				CLANG_WARN_NON_LITERAL_NULL_CONVERSION = YES;
				CLANG_WARN_OBJC_LITERAL_CONVERSION = YES;
				CLANG_WARN_OBJC_ROOT_CLASS = YES_ERROR;
				CLANG_WARN_RANGE_LOOP_ANALYSIS = YES;
				CLANG_WARN_STRICT_PROTOTYPES = YES;
				CLANG_WARN_SUSPICIOUS_MOVE = YES;
				CLANG_WARN_UNGUARDED_AVAILABILITY = YES_AGGRESSIVE;
				CLANG_WARN_UNREACHABLE_CODE = YES;
				CLANG_WARN__DUPLICATE_METHOD_MATCH = YES;
				CODE_SIGN_IDENTITY = "iPhone Developer";
				COPY_PHASE_STRIP = NO;
				DEBUG_INFORMATION_FORMAT = "dwarf-with-dsym";
				ENABLE_NS_ASSERTIONS = NO;
				ENABLE_STRICT_OBJC_MSGSEND = YES;
				GCC_C_LANGUAGE_STANDARD = gnu11;
				GCC_NO_COMMON_BLOCKS = YES;
				GCC_WARN_64_TO_32_BIT_CONVERSION = YES;
				GCC_WARN_ABOUT_RETURN_TYPE = YES_ERROR;
				GCC_WARN_UNDECLARED_SELECTOR = YES;
				GCC_WARN_UNINITIALIZED_AUTOS = YES_AGGRESSIVE;
				GCC_WARN_UNUSED_FUNCTION = YES;
				GCC_WARN_UNUSED_VARIABLE = YES;
				IPHONEOS_DEPLOYMENT_TARGET = 11.1;
				MTL_ENABLE_DEBUG_INFO = NO;
				SDKROOT = iphoneos;
				SWIFT_OPTIMIZATION_LEVEL = "-Owholemodule";
				VALIDATE_PRODUCT = YES;
			};
			name = Release;
		};
		F0A4DCE61FB9FEB100E6DB87 /* Debug */ = {
			isa = XCBuildConfiguration;
			baseConfigurationReference = 0A9CF65DF7CE957DFC4D9802 /* Pods-EmplesMVVMReactiveCocoa.debug.xcconfig */;
			buildSettings = {
				ASSETCATALOG_COMPILER_APPICON_NAME = AppIcon;
				CODE_SIGN_STYLE = Automatic;
				DEVELOPMENT_TEAM = 7EB863BHDM;
				INFOPLIST_FILE = "$(SRCROOT)/EmplesMVVMReactiveCocoa/Supporting files/Info.plist";
				LD_RUNPATH_SEARCH_PATHS = "$(inherited) @executable_path/Frameworks";
				PRODUCT_BUNDLE_IDENTIFIER = com.vascome.EmplesMVVMReactiveCocoa;
				PRODUCT_NAME = "$(TARGET_NAME)";
				SWIFT_VERSION = 4.0;
				TARGETED_DEVICE_FAMILY = "1,2";
			};
			name = Debug;
		};
		F0A4DCE71FB9FEB100E6DB87 /* Release */ = {
			isa = XCBuildConfiguration;
			baseConfigurationReference = CDEAE074CA62CD9C845143CB /* Pods-EmplesMVVMReactiveCocoa.release.xcconfig */;
			buildSettings = {
				ASSETCATALOG_COMPILER_APPICON_NAME = AppIcon;
				CODE_SIGN_STYLE = Automatic;
				DEVELOPMENT_TEAM = 7EB863BHDM;
				INFOPLIST_FILE = "$(SRCROOT)/EmplesMVVMReactiveCocoa/Supporting files/Info.plist";
				LD_RUNPATH_SEARCH_PATHS = "$(inherited) @executable_path/Frameworks";
				PRODUCT_BUNDLE_IDENTIFIER = com.vascome.EmplesMVVMReactiveCocoa;
				PRODUCT_NAME = "$(TARGET_NAME)";
				SWIFT_VERSION = 4.0;
				TARGETED_DEVICE_FAMILY = "1,2";
			};
			name = Release;
		};
/* End XCBuildConfiguration section */

/* Begin XCConfigurationList section */
		F0A4DCCE1FB9FEB000E6DB87 /* Build configuration list for PBXProject "EmplesMVVMReactiveCocoa" */ = {
			isa = XCConfigurationList;
			buildConfigurations = (
				F0A4DCE31FB9FEB100E6DB87 /* Debug */,
				F0A4DCE41FB9FEB100E6DB87 /* Release */,
			);
			defaultConfigurationIsVisible = 0;
			defaultConfigurationName = Release;
		};
		F0A4DCE51FB9FEB100E6DB87 /* Build configuration list for PBXNativeTarget "EmplesMVVMReactiveCocoa" */ = {
			isa = XCConfigurationList;
			buildConfigurations = (
				F0A4DCE61FB9FEB100E6DB87 /* Debug */,
				F0A4DCE71FB9FEB100E6DB87 /* Release */,
			);
			defaultConfigurationIsVisible = 0;
			defaultConfigurationName = Release;
		};
/* End XCConfigurationList section */
	};
	rootObject = F0A4DCCB1FB9FEB000E6DB87 /* Project object */;
}
